
Microsoft Visual Studio Solution File, Format Version 12.00
# Visual Studio 15
VisualStudioVersion = 15.0.28307.271
MinimumVisualStudioVersion = 10.0.40219.1
Project("{FAE04EC0-301F-11D3-BF4B-00C04F79EFBC}") = "IvanRivas_Milestone2CST117", "IvanRivas_Milestone2CST117\IvanRivas_Milestone2CST117.csproj", "{B43DDF97-4CBB-45C9-A17B-0F4D805F7388}"
EndProject
Global
	GlobalSection(SolutionConfigurationPlatforms) = preSolution
		Debug|Any CPU = Debug|Any CPU
		Release|Any CPU = Release|Any CPU
	EndGlobalSection
	GlobalSection(ProjectConfigurationPlatforms) = postSolution
		{B43DDF97-4CBB-45C9-A17B-0F4D805F7388}.Debug|Any CPU.ActiveCfg = Debug|Any CPU
		{B43DDF97-4CBB-45C9-A17B-0F4D805F7388}.Debug|Any CPU.Build.0 = Debug|Any CPU
		{B43DDF97-4CBB-45C9-A17B-0F4D805F7388}.Release|Any CPU.ActiveCfg = Release|Any CPU
		{B43DDF97-4CBB-45C9-A17B-0F4D805F7388}.Release|Any CPU.Build.0 = Release|Any CPU
	EndGlobalSection
	GlobalSection(SolutionProperties) = preSolution
		HideSolutionNode = FALSE
	EndGlobalSection
	GlobalSection(ExtensibilityGlobals) = postSolution
		SolutionGuid = {6E47CB52-4B07-435B-8D4B-4BE99F8C8070}
	EndGlobalSection
EndGlobal
